
Microsoft Visual Studio Solution File, Format Version 12.00
# Visual Studio Version 17
VisualStudioVersion = 17.12.35521.163 d17.12
MinimumVisualStudioVersion = 10.0.40219.1
Project("{2150E333-8FDC-42A3-9474-1A3956D46DE8}") = "1-Frontend", "1-Frontend", "{840C5FF8-E0BC-443C-86A5-3372C0A18619}"
EndProject
Project("{2150E333-8FDC-42A3-9474-1A3956D46DE8}") = "2-Backend", "2-Backend", "{18B022E1-2D93-4200-9517-8A05FAEEE11E}"
EndProject
Project("{FAE04EC0-301F-11D3-BF4B-00C04F79EFBC}") = "bpfull-api", "..\2-Backend\bpfull-api\bpfull-api.csproj", "{D46F2A36-65D9-4E57-A45C-22BFAB7318F4}"
EndProject
Global
	GlobalSection(SolutionConfigurationPlatforms) = preSolution
		Debug|Any CPU = Debug|Any CPU
		Release|Any CPU = Release|Any CPU
	EndGlobalSection
	GlobalSection(ProjectConfigurationPlatforms) = postSolution
		{D46F2A36-65D9-4E57-A45C-22BFAB7318F4}.Debug|Any CPU.ActiveCfg = Debug|Any CPU
		{D46F2A36-65D9-4E57-A45C-22BFAB7318F4}.Debug|Any CPU.Build.0 = Debug|Any CPU
		{D46F2A36-65D9-4E57-A45C-22BFAB7318F4}.Release|Any CPU.ActiveCfg = Release|Any CPU
		{D46F2A36-65D9-4E57-A45C-22BFAB7318F4}.Release|Any CPU.Build.0 = Release|Any CPU
	EndGlobalSection
	GlobalSection(SolutionProperties) = preSolution
		HideSolutionNode = FALSE
	EndGlobalSection
	GlobalSection(NestedProjects) = preSolution
		{D46F2A36-65D9-4E57-A45C-22BFAB7318F4} = {18B022E1-2D93-4200-9517-8A05FAEEE11E}
	EndGlobalSection
EndGlobal
